// !$*UTF8*$!
{
	archiveVersion = 1;
	classes = {
	};
	objectVersion = 45;
	objects = {

/* Begin PBXBuildFile section */
		1D3623260D0F684500981E51 /* WebDAVServerAppDelegate.m in Sources */ = {isa = PBXBuildFile; fileRef = 1D3623250D0F684500981E51 /* WebDAVServerAppDelegate.m */; };
		1D60589B0D05DD56006BFB54 /* main.m in Sources */ = {isa = PBXBuildFile; fileRef = 29B97316FDCFA39411CA2CEA /* main.m */; };
		1D60589F0D05DD5A006BFB54 /* Foundation.framework in Frameworks */ = {isa = PBXBuildFile; fileRef = 1D30AB110D05D00D00671497 /* Foundation.framework */; };
		1DF5F4E00D08C38300B7A737 /* UIKit.framework in Frameworks */ = {isa = PBXBuildFile; fileRef = 1DF5F4DF0D08C38300B7A737 /* UIKit.framework */; };
		2892E4100DC94CBA00A64D0F /* CoreGraphics.framework in Frameworks */ = {isa = PBXBuildFile; fileRef = 2892E40F0DC94CBA00A64D0F /* CoreGraphics.framework */; };
		2899E5600DE3E45000AC0155 /* RootViewController.xib in Resources */ = {isa = PBXBuildFile; fileRef = 2899E55F0DE3E45000AC0155 /* RootViewController.xib */; };
		28AD73600D9D9599002E5188 /* MainWindow.xib in Resources */ = {isa = PBXBuildFile; fileRef = 28AD735F0D9D9599002E5188 /* MainWindow.xib */; };
		28C286E10D94DF7D0034E888 /* RootViewController.m in Sources */ = {isa = PBXBuildFile; fileRef = 28C286E00D94DF7D0034E888 /* RootViewController.m */; };
		458080570EC4D3B1006890F3 /* CFNetwork.framework in Frameworks */ = {isa = PBXBuildFile; fileRef = 458080560EC4D3B1006890F3 /* CFNetwork.framework */; };
		459DF7C80F0E9ADF0028AEEF /* CTCPConnection.m in Sources */ = {isa = PBXBuildFile; fileRef = 459DF76F0F0E9ADF0028AEEF /* CTCPConnection.m */; };
		459DF7CA0F0E9ADF0028AEEF /* CTCPSocketListener.m in Sources */ = {isa = PBXBuildFile; fileRef = 459DF7720F0E9ADF0028AEEF /* CTCPSocketListener.m */; };
		459DF7CB0F0E9ADF0028AEEF /* CTCPSocketListener_Extensions.m in Sources */ = {isa = PBXBuildFile; fileRef = 459DF7740F0E9ADF0028AEEF /* CTCPSocketListener_Extensions.m */; };
		459DF7CC0F0E9ADF0028AEEF /* CTransport.m in Sources */ = {isa = PBXBuildFile; fileRef = 459DF7760F0E9ADF0028AEEF /* CTransport.m */; };
		459DF7CD0F0E9ADF0028AEEF /* CWireProtocol.m in Sources */ = {isa = PBXBuildFile; fileRef = 459DF7780F0E9ADF0028AEEF /* CWireProtocol.m */; };
		459DF7CE0F0E9ADF0028AEEF /* CHTTPBasicAuthHandler.m in Sources */ = {isa = PBXBuildFile; fileRef = 459DF77C0F0E9ADF0028AEEF /* CHTTPBasicAuthHandler.m */; };
		459DF7CF0F0E9ADF0028AEEF /* CHTTPConnection.m in Sources */ = {isa = PBXBuildFile; fileRef = 459DF77E0F0E9ADF0028AEEF /* CHTTPConnection.m */; };
		459DF7D00F0E9ADF0028AEEF /* CHTTPMessage.m in Sources */ = {isa = PBXBuildFile; fileRef = 459DF7800F0E9ADF0028AEEF /* CHTTPMessage.m */; };
		459DF7D10F0E9ADF0028AEEF /* CHTTPMessage_ConvenienceExtensions.m in Sources */ = {isa = PBXBuildFile; fileRef = 459DF7820F0E9ADF0028AEEF /* CHTTPMessage_ConvenienceExtensions.m */; };
		459DF7D20F0E9ADF0028AEEF /* CHTTPRequestHandler.m in Sources */ = {isa = PBXBuildFile; fileRef = 459DF7840F0E9ADF0028AEEF /* CHTTPRequestHandler.m */; };
		459DF7D30F0E9ADF0028AEEF /* CHTTPServer.m in Sources */ = {isa = PBXBuildFile; fileRef = 459DF7860F0E9ADF0028AEEF /* CHTTPServer.m */; };
		459DF7D40F0E9ADF0028AEEF /* CDefaultFileSystem.m in Sources */ = {isa = PBXBuildFile; fileRef = 459DF7890F0E9ADF0028AEEF /* CDefaultFileSystem.m */; };
		459DF7D50F0E9ADF0028AEEF /* CFileSystem.m in Sources */ = {isa = PBXBuildFile; fileRef = 459DF78B0F0E9ADF0028AEEF /* CFileSystem.m */; };
		459DF7D60F0E9ADF0028AEEF /* CHTTPDefaultHandler.m in Sources */ = {isa = PBXBuildFile; fileRef = 459DF78D0F0E9ADF0028AEEF /* CHTTPDefaultHandler.m */; };
		459DF7D70F0E9ADF0028AEEF /* CHTTPFileSystemHandler.m in Sources */ = {isa = PBXBuildFile; fileRef = 459DF78F0F0E9ADF0028AEEF /* CHTTPFileSystemHandler.m */; };
		459DF7D80F0E9ADF0028AEEF /* CHTTPStaticResourcesHandler.m in Sources */ = {isa = PBXBuildFile; fileRef = 459DF7910F0E9ADF0028AEEF /* CHTTPStaticResourcesHandler.m */; };
		459DF7D90F0E9ADF0028AEEF /* CRoutingHTTPRequestHandler.m in Sources */ = {isa = PBXBuildFile; fileRef = 459DF7930F0E9ADF0028AEEF /* CRoutingHTTPRequestHandler.m */; };
		459DF7DA0F0E9ADF0028AEEF /* CWebDAVHTTPHandler.m in Sources */ = {isa = PBXBuildFile; fileRef = 459DF7960F0E9ADF0028AEEF /* CWebDAVHTTPHandler.m */; };
		459DF7DB0F0E9ADF0028AEEF /* CFileSystem_WebDAVExtensions.m in Sources */ = {isa = PBXBuildFile; fileRef = 459DF7990F0E9ADF0028AEEF /* CFileSystem_WebDAVExtensions.m */; };
		459DF7DC0F0E9ADF0028AEEF /* CHTTPMessage_WebDAVExtensions.m in Sources */ = {isa = PBXBuildFile; fileRef = 459DF79B0F0E9ADF0028AEEF /* CHTTPMessage_WebDAVExtensions.m */; };
		459DF7DD0F0E9ADF0028AEEF /* CWebDAVLock.m in Sources */ = {isa = PBXBuildFile; fileRef = 459DF79D0F0E9ADF0028AEEF /* CWebDAVLock.m */; };
		459DF7DE0F0E9ADF0028AEEF /* CWebDAVLockDatabase.m in Sources */ = {isa = PBXBuildFile; fileRef = 459DF79F0F0E9ADF0028AEEF /* CWebDAVLockDatabase.m */; };
		459DF7DF0F0E9ADF0028AEEF /* CHTTPLoggingHandler.m in Sources */ = {isa = PBXBuildFile; fileRef = 459DF7A20F0E9ADF0028AEEF /* CHTTPLoggingHandler.m */; };
		459DF7E00F0E9ADF0028AEEF /* TouchHTTPDConstants.m in Sources */ = {isa = PBXBuildFile; fileRef = 459DF7A40F0E9ADF0028AEEF /* TouchHTTPDConstants.m */; };
		459DF7E30F0E9ADF0028AEEF /* CChunkWriter.m in Sources */ = {isa = PBXBuildFile; fileRef = 459DF7AC0F0E9ADF0028AEEF /* CChunkWriter.m */; };
		459DF7E40F0E9ADF0028AEEF /* CMultiInputStream.m in Sources */ = {isa = PBXBuildFile; fileRef = 459DF7AE0F0E9ADF0028AEEF /* CMultiInputStream.m */; };
		459DF7E50F0E9ADF0028AEEF /* CStreamConnector.m in Sources */ = {isa = PBXBuildFile; fileRef = 459DF7B00F0E9ADF0028AEEF /* CStreamConnector.m */; };
		459DF7E90F0E9ADF0028AEEF /* NSError_HTTPDExtensions.m in Sources */ = {isa = PBXBuildFile; fileRef = 459DF7B80F0E9ADF0028AEEF /* NSError_HTTPDExtensions.m */; };
		459DF7EA0F0E9ADF0028AEEF /* NSError_XMLOutputExtensions.m in Sources */ = {isa = PBXBuildFile; fileRef = 459DF7BA0F0E9ADF0028AEEF /* NSError_XMLOutputExtensions.m */; };
		459DF7EC0F0E9ADF0028AEEF /* NSStream_Extensions.m in Sources */ = {isa = PBXBuildFile; fileRef = 459DF7BE0F0E9ADF0028AEEF /* NSStream_Extensions.m */; };
		459DF7EF0F0E9ADF0028AEEF /* HSK_CFUtilities.m in Sources */ = {isa = PBXBuildFile; fileRef = 459DF7C50F0E9ADF0028AEEF /* HSK_CFUtilities.m */; };
		45C141741270AD1B00C2CF4E /* NSFileManager_AppleDoubleExtensions.m in Sources */ = {isa = PBXBuildFile; fileRef = 45C141711270AD1B00C2CF4E /* NSFileManager_AppleDoubleExtensions.m */; };
		45C141751270AD1B00C2CF4E /* NSString_AppleDoubleExtensions.m in Sources */ = {isa = PBXBuildFile; fileRef = 45C141731270AD1B00C2CF4E /* NSString_AppleDoubleExtensions.m */; };
		45C142731270BC9100C2CF4E /* entries.xsl in Resources */ = {isa = PBXBuildFile; fileRef = 45C142701270BC9100C2CF4E /* entries.xsl */; };
		45C142741270BC9100C2CF4E /* NSError.css in Resources */ = {isa = PBXBuildFile; fileRef = 45C142711270BC9100C2CF4E /* NSError.css */; };
		45C142751270BC9100C2CF4E /* NSError.xsl in Resources */ = {isa = PBXBuildFile; fileRef = 45C142721270BC9100C2CF4E /* NSError.xsl */; };
		45CD44F8126CBAB800F38B80 /* GMAppleDouble.m in Sources */ = {isa = PBXBuildFile; fileRef = 45CD44B4126CBAB800F38B80 /* GMAppleDouble.m */; };
		45CD44F9126CBAB800F38B80 /* CXMLDocument_CreationExtensions.m in Sources */ = {isa = PBXBuildFile; fileRef = 45CD44B9126CBAB800F38B80 /* CXMLDocument_CreationExtensions.m */; };
		45CD44FA126CBAB800F38B80 /* CXMLNode_CreationExtensions.m in Sources */ = {isa = PBXBuildFile; fileRef = 45CD44BB126CBAB800F38B80 /* CXMLNode_CreationExtensions.m */; };
		45CD44FB126CBAB800F38B80 /* CXMLDocument.m in Sources */ = {isa = PBXBuildFile; fileRef = 45CD44BD126CBAB800F38B80 /* CXMLDocument.m */; };
		45CD44FC126CBAB800F38B80 /* CXMLDocument_PrivateExtensions.m in Sources */ = {isa = PBXBuildFile; fileRef = 45CD44BF126CBAB800F38B80 /* CXMLDocument_PrivateExtensions.m */; };
		45CD44FD126CBAB800F38B80 /* CXMLElement.m in Sources */ = {isa = PBXBuildFile; fileRef = 45CD44C1126CBAB800F38B80 /* CXMLElement.m */; };
		45CD44FE126CBAB800F38B80 /* CXMLElement_CreationExtensions.m in Sources */ = {isa = PBXBuildFile; fileRef = 45CD44C3126CBAB800F38B80 /* CXMLElement_CreationExtensions.m */; };
		45CD44FF126CBAB800F38B80 /* CXMLElement_ElementTreeExtensions.m in Sources */ = {isa = PBXBuildFile; fileRef = 45CD44C5126CBAB800F38B80 /* CXMLElement_ElementTreeExtensions.m */; };
		45CD4500126CBAB800F38B80 /* CXMLNamespaceNode.m in Sources */ = {isa = PBXBuildFile; fileRef = 45CD44C7126CBAB800F38B80 /* CXMLNamespaceNode.m */; };
		45CD4501126CBAB800F38B80 /* CXMLNode.m in Sources */ = {isa = PBXBuildFile; fileRef = 45CD44C9126CBAB800F38B80 /* CXMLNode.m */; };
		45CD4502126CBAB800F38B80 /* CXMLNode_PrivateExtensions.m in Sources */ = {isa = PBXBuildFile; fileRef = 45CD44CB126CBAB800F38B80 /* CXMLNode_PrivateExtensions.m */; };
		45CD4503126CBAB800F38B80 /* CXMLNode_XPathExtensions.m in Sources */ = {isa = PBXBuildFile; fileRef = 45CD44CD126CBAB800F38B80 /* CXMLNode_XPathExtensions.m */; };
		45CD4507126CBAB800F38B80 /* Base64Transcoder.c in Sources */ = {isa = PBXBuildFile; fileRef = 45CD44D7126CBAB800F38B80 /* Base64Transcoder.c */; };
		45CD4509126CBAB800F38B80 /* ISO8601DateFormatter.m in Sources */ = {isa = PBXBuildFile; fileRef = 45CD44DF126CBAB800F38B80 /* ISO8601DateFormatter.m */; };
		45CD450A126CBAB800F38B80 /* NSDate_Extensions.m in Sources */ = {isa = PBXBuildFile; fileRef = 45CD44E1126CBAB800F38B80 /* NSDate_Extensions.m */; };
		45CD450B126CBAB800F38B80 /* NSDate_InternetDateExtensions.m in Sources */ = {isa = PBXBuildFile; fileRef = 45CD44E3126CBAB800F38B80 /* NSDate_InternetDateExtensions.m */; };
		45CD450C126CBAB800F38B80 /* NSDateFormatter_InternetDateExtensions.m in Sources */ = {isa = PBXBuildFile; fileRef = 45CD44E5126CBAB800F38B80 /* NSDateFormatter_InternetDateExtensions.m */; };
		45CD450D126CBAB800F38B80 /* NSData_Base64Extensions.m in Sources */ = {isa = PBXBuildFile; fileRef = 45CD44E7126CBAB800F38B80 /* NSData_Base64Extensions.m */; };
		45CD450E126CBAB800F38B80 /* NSData_Extensions.m in Sources */ = {isa = PBXBuildFile; fileRef = 45CD44E9126CBAB800F38B80 /* NSData_Extensions.m */; };
		45CD450F126CBAB800F38B80 /* NSError_Extensions.m in Sources */ = {isa = PBXBuildFile; fileRef = 45CD44EB126CBAB800F38B80 /* NSError_Extensions.m */; };
		45CD4510126CBAB800F38B80 /* NSFileManager_Extensions.m in Sources */ = {isa = PBXBuildFile; fileRef = 45CD44ED126CBAB800F38B80 /* NSFileManager_Extensions.m */; };
		45CD4511126CBAB800F38B80 /* NSIndexPath_Extensions.m in Sources */ = {isa = PBXBuildFile; fileRef = 45CD44EF126CBAB800F38B80 /* NSIndexPath_Extensions.m */; };
		45CD4512126CBAB800F38B80 /* NSString_Extensions.m in Sources */ = {isa = PBXBuildFile; fileRef = 45CD44F1126CBAB800F38B80 /* NSString_Extensions.m */; };
		45CD4513126CBAB800F38B80 /* NSURL_DataExtensions.m in Sources */ = {isa = PBXBuildFile; fileRef = 45CD44F3126CBAB800F38B80 /* NSURL_DataExtensions.m */; };
		45CD4514126CBAB800F38B80 /* NSURL_Extensions.m in Sources */ = {isa = PBXBuildFile; fileRef = 45CD44F5126CBAB800F38B80 /* NSURL_Extensions.m */; };
		45CD4515126CBAB800F38B80 /* NSURLResponse_Extensions.m in Sources */ = {isa = PBXBuildFile; fileRef = 45CD44F7126CBAB800F38B80 /* NSURLResponse_Extensions.m */; };
		45FFF5F5129369B7006944A2 /* CTemporaryFile.m in Sources */ = {isa = PBXBuildFile; fileRef = 45FFF5F4129369B7006944A2 /* CTemporaryFile.m */; };
/* End PBXBuildFile section */

/* Begin PBXFileReference section */
		1D30AB110D05D00D00671497 /* Foundation.framework */ = {isa = PBXFileReference; lastKnownFileType = wrapper.framework; name = Foundation.framework; path = System/Library/Frameworks/Foundation.framework; sourceTree = SDKROOT; };
		1D3623240D0F684500981E51 /* WebDAVServerAppDelegate.h */ = {isa = PBXFileReference; fileEncoding = 4; lastKnownFileType = sourcecode.c.h; path = WebDAVServerAppDelegate.h; sourceTree = "<group>"; };
		1D3623250D0F684500981E51 /* WebDAVServerAppDelegate.m */ = {isa = PBXFileReference; fileEncoding = 4; lastKnownFileType = sourcecode.c.objc; path = WebDAVServerAppDelegate.m; sourceTree = "<group>"; };
		1D6058910D05DD3D006BFB54 /* WebDAVServer.app */ = {isa = PBXFileReference; explicitFileType = wrapper.application; includeInIndex = 0; path = WebDAVServer.app; sourceTree = BUILT_PRODUCTS_DIR; };
		1DF5F4DF0D08C38300B7A737 /* UIKit.framework */ = {isa = PBXFileReference; lastKnownFileType = wrapper.framework; name = UIKit.framework; path = System/Library/Frameworks/UIKit.framework; sourceTree = SDKROOT; };
		2892E40F0DC94CBA00A64D0F /* CoreGraphics.framework */ = {isa = PBXFileReference; lastKnownFileType = wrapper.framework; name = CoreGraphics.framework; path = System/Library/Frameworks/CoreGraphics.framework; sourceTree = SDKROOT; };
		2899E55F0DE3E45000AC0155 /* RootViewController.xib */ = {isa = PBXFileReference; lastKnownFileType = file.xib; path = RootViewController.xib; sourceTree = "<group>"; };
		28AD735F0D9D9599002E5188 /* MainWindow.xib */ = {isa = PBXFileReference; lastKnownFileType = file.xib; path = MainWindow.xib; sourceTree = "<group>"; };
		28C286DF0D94DF7D0034E888 /* RootViewController.h */ = {isa = PBXFileReference; fileEncoding = 4; lastKnownFileType = sourcecode.c.h; path = RootViewController.h; sourceTree = "<group>"; };
		28C286E00D94DF7D0034E888 /* RootViewController.m */ = {isa = PBXFileReference; fileEncoding = 4; lastKnownFileType = sourcecode.c.objc; path = RootViewController.m; sourceTree = "<group>"; };
		29B97316FDCFA39411CA2CEA /* main.m */ = {isa = PBXFileReference; fileEncoding = 4; lastKnownFileType = sourcecode.c.objc; name = main.m; path = ../main.m; sourceTree = "<group>"; };
		454AD27C0F4F394B00ABF6B7 /* Prefix.pch */ = {isa = PBXFileReference; fileEncoding = 4; lastKnownFileType = sourcecode.c.h; name = Prefix.pch; path = ../Prefix.pch; sourceTree = SOURCE_ROOT; };
		458080560EC4D3B1006890F3 /* CFNetwork.framework */ = {isa = PBXFileReference; lastKnownFileType = wrapper.framework; name = CFNetwork.framework; path = System/Library/Frameworks/CFNetwork.framework; sourceTree = SDKROOT; };
		459DF76C0F0E9ADF0028AEEF /* CSecureTransportConnection.h */ = {isa = PBXFileReference; fileEncoding = 4; lastKnownFileType = sourcecode.c.h; path = CSecureTransportConnection.h; sourceTree = "<group>"; };
		459DF76D0F0E9ADF0028AEEF /* CSecureTransportConnection.m */ = {isa = PBXFileReference; fileEncoding = 4; lastKnownFileType = sourcecode.c.objc; path = CSecureTransportConnection.m; sourceTree = "<group>"; };
		459DF76E0F0E9ADF0028AEEF /* CTCPConnection.h */ = {isa = PBXFileReference; fileEncoding = 4; lastKnownFileType = sourcecode.c.h; path = CTCPConnection.h; sourceTree = "<group>"; };
		459DF76F0F0E9ADF0028AEEF /* CTCPConnection.m */ = {isa = PBXFileReference; fileEncoding = 4; lastKnownFileType = sourcecode.c.objc; path = CTCPConnection.m; sourceTree = "<group>"; };
		459DF7710F0E9ADF0028AEEF /* CTCPSocketListener.h */ = {isa = PBXFileReference; fileEncoding = 4; lastKnownFileType = sourcecode.c.h; path = CTCPSocketListener.h; sourceTree = "<group>"; };
		459DF7720F0E9ADF0028AEEF /* CTCPSocketListener.m */ = {isa = PBXFileReference; fileEncoding = 4; lastKnownFileType = sourcecode.c.objc; path = CTCPSocketListener.m; sourceTree = "<group>"; };
		459DF7730F0E9ADF0028AEEF /* CTCPSocketListener_Extensions.h */ = {isa = PBXFileReference; fileEncoding = 4; lastKnownFileType = sourcecode.c.h; path = CTCPSocketListener_Extensions.h; sourceTree = "<group>"; };
		459DF7740F0E9ADF0028AEEF /* CTCPSocketListener_Extensions.m */ = {isa = PBXFileReference; fileEncoding = 4; lastKnownFileType = sourcecode.c.objc; path = CTCPSocketListener_Extensions.m; sourceTree = "<group>"; };
		459DF7750F0E9ADF0028AEEF /* CTransport.h */ = {isa = PBXFileReference; fileEncoding = 4; lastKnownFileType = sourcecode.c.h; path = CTransport.h; sourceTree = "<group>"; };
		459DF7760F0E9ADF0028AEEF /* CTransport.m */ = {isa = PBXFileReference; fileEncoding = 4; lastKnownFileType = sourcecode.c.objc; path = CTransport.m; sourceTree = "<group>"; };
		459DF7770F0E9ADF0028AEEF /* CWireProtocol.h */ = {isa = PBXFileReference; fileEncoding = 4; lastKnownFileType = sourcecode.c.h; path = CWireProtocol.h; sourceTree = "<group>"; };
		459DF7780F0E9ADF0028AEEF /* CWireProtocol.m */ = {isa = PBXFileReference; fileEncoding = 4; lastKnownFileType = sourcecode.c.objc; path = CWireProtocol.m; sourceTree = "<group>"; };
		459DF77B0F0E9ADF0028AEEF /* CHTTPBasicAuthHandler.h */ = {isa = PBXFileReference; fileEncoding = 4; lastKnownFileType = sourcecode.c.h; path = CHTTPBasicAuthHandler.h; sourceTree = "<group>"; };
		459DF77C0F0E9ADF0028AEEF /* CHTTPBasicAuthHandler.m */ = {isa = PBXFileReference; fileEncoding = 4; lastKnownFileType = sourcecode.c.objc; path = CHTTPBasicAuthHandler.m; sourceTree = "<group>"; };
		459DF77D0F0E9ADF0028AEEF /* CHTTPConnection.h */ = {isa = PBXFileReference; fileEncoding = 4; lastKnownFileType = sourcecode.c.h; path = CHTTPConnection.h; sourceTree = "<group>"; };
		459DF77E0F0E9ADF0028AEEF /* CHTTPConnection.m */ = {isa = PBXFileReference; fileEncoding = 4; lastKnownFileType = sourcecode.c.objc; path = CHTTPConnection.m; sourceTree = "<group>"; };
		459DF77F0F0E9ADF0028AEEF /* CHTTPMessage.h */ = {isa = PBXFileReference; fileEncoding = 4; lastKnownFileType = sourcecode.c.h; path = CHTTPMessage.h; sourceTree = "<group>"; };
		459DF7800F0E9ADF0028AEEF /* CHTTPMessage.m */ = {isa = PBXFileReference; fileEncoding = 4; lastKnownFileType = sourcecode.c.objc; path = CHTTPMessage.m; sourceTree = "<group>"; };
		459DF7810F0E9ADF0028AEEF /* CHTTPMessage_ConvenienceExtensions.h */ = {isa = PBXFileReference; fileEncoding = 4; lastKnownFileType = sourcecode.c.h; path = CHTTPMessage_ConvenienceExtensions.h; sourceTree = "<group>"; };
		459DF7820F0E9ADF0028AEEF /* CHTTPMessage_ConvenienceExtensions.m */ = {isa = PBXFileReference; fileEncoding = 4; lastKnownFileType = sourcecode.c.objc; path = CHTTPMessage_ConvenienceExtensions.m; sourceTree = "<group>"; };
		459DF7830F0E9ADF0028AEEF /* CHTTPRequestHandler.h */ = {isa = PBXFileReference; fileEncoding = 4; lastKnownFileType = sourcecode.c.h; path = CHTTPRequestHandler.h; sourceTree = "<group>"; };
		459DF7840F0E9ADF0028AEEF /* CHTTPRequestHandler.m */ = {isa = PBXFileReference; fileEncoding = 4; lastKnownFileType = sourcecode.c.objc; path = CHTTPRequestHandler.m; sourceTree = "<group>"; };
		459DF7850F0E9ADF0028AEEF /* CHTTPServer.h */ = {isa = PBXFileReference; fileEncoding = 4; lastKnownFileType = sourcecode.c.h; path = CHTTPServer.h; sourceTree = "<group>"; };
		459DF7860F0E9ADF0028AEEF /* CHTTPServer.m */ = {isa = PBXFileReference; fileEncoding = 4; lastKnownFileType = sourcecode.c.objc; path = CHTTPServer.m; sourceTree = "<group>"; };
		459DF7880F0E9ADF0028AEEF /* CDefaultFileSystem.h */ = {isa = PBXFileReference; fileEncoding = 4; lastKnownFileType = sourcecode.c.h; path = CDefaultFileSystem.h; sourceTree = "<group>"; };
		459DF7890F0E9ADF0028AEEF /* CDefaultFileSystem.m */ = {isa = PBXFileReference; fileEncoding = 4; lastKnownFileType = sourcecode.c.objc; path = CDefaultFileSystem.m; sourceTree = "<group>"; };
		459DF78A0F0E9ADF0028AEEF /* CFileSystem.h */ = {isa = PBXFileReference; fileEncoding = 4; lastKnownFileType = sourcecode.c.h; path = CFileSystem.h; sourceTree = "<group>"; };
		459DF78B0F0E9ADF0028AEEF /* CFileSystem.m */ = {isa = PBXFileReference; fileEncoding = 4; lastKnownFileType = sourcecode.c.objc; path = CFileSystem.m; sourceTree = "<group>"; };
		459DF78C0F0E9ADF0028AEEF /* CHTTPDefaultHandler.h */ = {isa = PBXFileReference; fileEncoding = 4; lastKnownFileType = sourcecode.c.h; path = CHTTPDefaultHandler.h; sourceTree = "<group>"; };
		459DF78D0F0E9ADF0028AEEF /* CHTTPDefaultHandler.m */ = {isa = PBXFileReference; fileEncoding = 4; lastKnownFileType = sourcecode.c.objc; path = CHTTPDefaultHandler.m; sourceTree = "<group>"; };
		459DF78E0F0E9ADF0028AEEF /* CHTTPFileSystemHandler.h */ = {isa = PBXFileReference; fileEncoding = 4; lastKnownFileType = sourcecode.c.h; path = CHTTPFileSystemHandler.h; sourceTree = "<group>"; };
		459DF78F0F0E9ADF0028AEEF /* CHTTPFileSystemHandler.m */ = {isa = PBXFileReference; fileEncoding = 4; lastKnownFileType = sourcecode.c.objc; path = CHTTPFileSystemHandler.m; sourceTree = "<group>"; };
		459DF7900F0E9ADF0028AEEF /* CHTTPStaticResourcesHandler.h */ = {isa = PBXFileReference; fileEncoding = 4; lastKnownFileType = sourcecode.c.h; path = CHTTPStaticResourcesHandler.h; sourceTree = "<group>"; };
		459DF7910F0E9ADF0028AEEF /* CHTTPStaticResourcesHandler.m */ = {isa = PBXFileReference; fileEncoding = 4; lastKnownFileType = sourcecode.c.objc; path = CHTTPStaticResourcesHandler.m; sourceTree = "<group>"; };
		459DF7920F0E9ADF0028AEEF /* CRoutingHTTPRequestHandler.h */ = {isa = PBXFileReference; fileEncoding = 4; lastKnownFileType = sourcecode.c.h; path = CRoutingHTTPRequestHandler.h; sourceTree = "<group>"; };
		459DF7930F0E9ADF0028AEEF /* CRoutingHTTPRequestHandler.m */ = {isa = PBXFileReference; fileEncoding = 4; lastKnownFileType = sourcecode.c.objc; path = CRoutingHTTPRequestHandler.m; sourceTree = "<group>"; };
		459DF7950F0E9ADF0028AEEF /* CWebDAVHTTPHandler.h */ = {isa = PBXFileReference; fileEncoding = 4; lastKnownFileType = sourcecode.c.h; path = CWebDAVHTTPHandler.h; sourceTree = "<group>"; };
		459DF7960F0E9ADF0028AEEF /* CWebDAVHTTPHandler.m */ = {isa = PBXFileReference; fileEncoding = 4; lastKnownFileType = sourcecode.c.objc; path = CWebDAVHTTPHandler.m; sourceTree = "<group>"; };
		459DF7980F0E9ADF0028AEEF /* CFileSystem_WebDAVExtensions.h */ = {isa = PBXFileReference; fileEncoding = 4; lastKnownFileType = sourcecode.c.h; path = CFileSystem_WebDAVExtensions.h; sourceTree = "<group>"; };
		459DF7990F0E9ADF0028AEEF /* CFileSystem_WebDAVExtensions.m */ = {isa = PBXFileReference; fileEncoding = 4; lastKnownFileType = sourcecode.c.objc; path = CFileSystem_WebDAVExtensions.m; sourceTree = "<group>"; };
		459DF79A0F0E9ADF0028AEEF /* CHTTPMessage_WebDAVExtensions.h */ = {isa = PBXFileReference; fileEncoding = 4; lastKnownFileType = sourcecode.c.h; path = CHTTPMessage_WebDAVExtensions.h; sourceTree = "<group>"; };
		459DF79B0F0E9ADF0028AEEF /* CHTTPMessage_WebDAVExtensions.m */ = {isa = PBXFileReference; fileEncoding = 4; lastKnownFileType = sourcecode.c.objc; path = CHTTPMessage_WebDAVExtensions.m; sourceTree = "<group>"; };
		459DF79C0F0E9ADF0028AEEF /* CWebDAVLock.h */ = {isa = PBXFileReference; fileEncoding = 4; lastKnownFileType = sourcecode.c.h; path = CWebDAVLock.h; sourceTree = "<group>"; };
		459DF79D0F0E9ADF0028AEEF /* CWebDAVLock.m */ = {isa = PBXFileReference; fileEncoding = 4; lastKnownFileType = sourcecode.c.objc; path = CWebDAVLock.m; sourceTree = "<group>"; };
		459DF79E0F0E9ADF0028AEEF /* CWebDAVLockDatabase.h */ = {isa = PBXFileReference; fileEncoding = 4; lastKnownFileType = sourcecode.c.h; path = CWebDAVLockDatabase.h; sourceTree = "<group>"; };
		459DF79F0F0E9ADF0028AEEF /* CWebDAVLockDatabase.m */ = {isa = PBXFileReference; fileEncoding = 4; lastKnownFileType = sourcecode.c.objc; path = CWebDAVLockDatabase.m; sourceTree = "<group>"; };
		459DF7A10F0E9ADF0028AEEF /* CHTTPLoggingHandler.h */ = {isa = PBXFileReference; fileEncoding = 4; lastKnownFileType = sourcecode.c.h; path = CHTTPLoggingHandler.h; sourceTree = "<group>"; };
		459DF7A20F0E9ADF0028AEEF /* CHTTPLoggingHandler.m */ = {isa = PBXFileReference; fileEncoding = 4; lastKnownFileType = sourcecode.c.objc; path = CHTTPLoggingHandler.m; sourceTree = "<group>"; };
		459DF7A30F0E9ADF0028AEEF /* TouchHTTPDConstants.h */ = {isa = PBXFileReference; fileEncoding = 4; lastKnownFileType = sourcecode.c.h; path = TouchHTTPDConstants.h; sourceTree = "<group>"; };
		459DF7A40F0E9ADF0028AEEF /* TouchHTTPDConstants.m */ = {isa = PBXFileReference; fileEncoding = 4; lastKnownFileType = sourcecode.c.objc; path = TouchHTTPDConstants.m; sourceTree = "<group>"; };
		459DF7AB0F0E9ADF0028AEEF /* CChunkWriter.h */ = {isa = PBXFileReference; fileEncoding = 4; lastKnownFileType = sourcecode.c.h; path = CChunkWriter.h; sourceTree = "<group>"; };
		459DF7AC0F0E9ADF0028AEEF /* CChunkWriter.m */ = {isa = PBXFileReference; fileEncoding = 4; lastKnownFileType = sourcecode.c.objc; path = CChunkWriter.m; sourceTree = "<group>"; };
		459DF7AD0F0E9ADF0028AEEF /* CMultiInputStream.h */ = {isa = PBXFileReference; fileEncoding = 4; lastKnownFileType = sourcecode.c.h; path = CMultiInputStream.h; sourceTree = "<group>"; };
		459DF7AE0F0E9ADF0028AEEF /* CMultiInputStream.m */ = {isa = PBXFileReference; fileEncoding = 4; lastKnownFileType = sourcecode.c.objc; path = CMultiInputStream.m; sourceTree = "<group>"; };
		459DF7AF0F0E9ADF0028AEEF /* CStreamConnector.h */ = {isa = PBXFileReference; fileEncoding = 4; lastKnownFileType = sourcecode.c.h; path = CStreamConnector.h; sourceTree = "<group>"; };
		459DF7B00F0E9ADF0028AEEF /* CStreamConnector.m */ = {isa = PBXFileReference; fileEncoding = 4; lastKnownFileType = sourcecode.c.objc; path = CStreamConnector.m; sourceTree = "<group>"; };
		459DF7B70F0E9ADF0028AEEF /* NSError_HTTPDExtensions.h */ = {isa = PBXFileReference; fileEncoding = 4; lastKnownFileType = sourcecode.c.h; path = NSError_HTTPDExtensions.h; sourceTree = "<group>"; };
		459DF7B80F0E9ADF0028AEEF /* NSError_HTTPDExtensions.m */ = {isa = PBXFileReference; fileEncoding = 4; lastKnownFileType = sourcecode.c.objc; path = NSError_HTTPDExtensions.m; sourceTree = "<group>"; };
		459DF7B90F0E9ADF0028AEEF /* NSError_XMLOutputExtensions.h */ = {isa = PBXFileReference; fileEncoding = 4; lastKnownFileType = sourcecode.c.h; path = NSError_XMLOutputExtensions.h; sourceTree = "<group>"; };
		459DF7BA0F0E9ADF0028AEEF /* NSError_XMLOutputExtensions.m */ = {isa = PBXFileReference; fileEncoding = 4; lastKnownFileType = sourcecode.c.objc; path = NSError_XMLOutputExtensions.m; sourceTree = "<group>"; };
		459DF7BD0F0E9ADF0028AEEF /* NSStream_Extensions.h */ = {isa = PBXFileReference; fileEncoding = 4; lastKnownFileType = sourcecode.c.h; path = NSStream_Extensions.h; sourceTree = "<group>"; };
		459DF7BE0F0E9ADF0028AEEF /* NSStream_Extensions.m */ = {isa = PBXFileReference; fileEncoding = 4; lastKnownFileType = sourcecode.c.objc; path = NSStream_Extensions.m; sourceTree = "<group>"; };
		459DF7C40F0E9ADF0028AEEF /* HSK_CFUtilities.h */ = {isa = PBXFileReference; fileEncoding = 4; lastKnownFileType = sourcecode.c.h; path = HSK_CFUtilities.h; sourceTree = "<group>"; };
		459DF7C50F0E9ADF0028AEEF /* HSK_CFUtilities.m */ = {isa = PBXFileReference; fileEncoding = 4; lastKnownFileType = sourcecode.c.objc; path = HSK_CFUtilities.m; sourceTree = "<group>"; };
		45C141701270AD1B00C2CF4E /* NSFileManager_AppleDoubleExtensions.h */ = {isa = PBXFileReference; fileEncoding = 4; lastKnownFileType = sourcecode.c.h; path = NSFileManager_AppleDoubleExtensions.h; sourceTree = "<group>"; };
		45C141711270AD1B00C2CF4E /* NSFileManager_AppleDoubleExtensions.m */ = {isa = PBXFileReference; fileEncoding = 4; lastKnownFileType = sourcecode.c.objc; path = NSFileManager_AppleDoubleExtensions.m; sourceTree = "<group>"; };
		45C141721270AD1B00C2CF4E /* NSString_AppleDoubleExtensions.h */ = {isa = PBXFileReference; fileEncoding = 4; lastKnownFileType = sourcecode.c.h; path = NSString_AppleDoubleExtensions.h; sourceTree = "<group>"; };
		45C141731270AD1B00C2CF4E /* NSString_AppleDoubleExtensions.m */ = {isa = PBXFileReference; fileEncoding = 4; lastKnownFileType = sourcecode.c.objc; path = NSString_AppleDoubleExtensions.m; sourceTree = "<group>"; };
		45C142701270BC9100C2CF4E /* entries.xsl */ = {isa = PBXFileReference; fileEncoding = 4; lastKnownFileType = text.xml; path = entries.xsl; sourceTree = "<group>"; };
		45C142711270BC9100C2CF4E /* NSError.css */ = {isa = PBXFileReference; fileEncoding = 4; lastKnownFileType = text.css; path = NSError.css; sourceTree = "<group>"; };
		45C142721270BC9100C2CF4E /* NSError.xsl */ = {isa = PBXFileReference; fileEncoding = 4; lastKnownFileType = text.xml; path = NSError.xsl; sourceTree = "<group>"; };
		45CD44B3126CBAB800F38B80 /* GMAppleDouble.h */ = {isa = PBXFileReference; fileEncoding = 4; lastKnownFileType = sourcecode.c.h; path = GMAppleDouble.h; sourceTree = "<group>"; };
		45CD44B4126CBAB800F38B80 /* GMAppleDouble.m */ = {isa = PBXFileReference; fileEncoding = 4; lastKnownFileType = sourcecode.c.objc; path = GMAppleDouble.m; sourceTree = "<group>"; };
		45CD44B8126CBAB800F38B80 /* CXMLDocument_CreationExtensions.h */ = {isa = PBXFileReference; fileEncoding = 4; lastKnownFileType = sourcecode.c.h; path = CXMLDocument_CreationExtensions.h; sourceTree = "<group>"; };
		45CD44B9126CBAB800F38B80 /* CXMLDocument_CreationExtensions.m */ = {isa = PBXFileReference; fileEncoding = 4; lastKnownFileType = sourcecode.c.objc; path = CXMLDocument_CreationExtensions.m; sourceTree = "<group>"; };
		45CD44BA126CBAB800F38B80 /* CXMLNode_CreationExtensions.h */ = {isa = PBXFileReference; fileEncoding = 4; lastKnownFileType = sourcecode.c.h; path = CXMLNode_CreationExtensions.h; sourceTree = "<group>"; };
		45CD44BB126CBAB800F38B80 /* CXMLNode_CreationExtensions.m */ = {isa = PBXFileReference; fileEncoding = 4; lastKnownFileType = sourcecode.c.objc; path = CXMLNode_CreationExtensions.m; sourceTree = "<group>"; };
		45CD44BC126CBAB800F38B80 /* CXMLDocument.h */ = {isa = PBXFileReference; fileEncoding = 4; lastKnownFileType = sourcecode.c.h; path = CXMLDocument.h; sourceTree = "<group>"; };
		45CD44BD126CBAB800F38B80 /* CXMLDocument.m */ = {isa = PBXFileReference; fileEncoding = 4; lastKnownFileType = sourcecode.c.objc; path = CXMLDocument.m; sourceTree = "<group>"; };
		45CD44BE126CBAB800F38B80 /* CXMLDocument_PrivateExtensions.h */ = {isa = PBXFileReference; fileEncoding = 4; lastKnownFileType = sourcecode.c.h; path = CXMLDocument_PrivateExtensions.h; sourceTree = "<group>"; };
		45CD44BF126CBAB800F38B80 /* CXMLDocument_PrivateExtensions.m */ = {isa = PBXFileReference; fileEncoding = 4; lastKnownFileType = sourcecode.c.objc; path = CXMLDocument_PrivateExtensions.m; sourceTree = "<group>"; };
		45CD44C0126CBAB800F38B80 /* CXMLElement.h */ = {isa = PBXFileReference; fileEncoding = 4; lastKnownFileType = sourcecode.c.h; path = CXMLElement.h; sourceTree = "<group>"; };
		45CD44C1126CBAB800F38B80 /* CXMLElement.m */ = {isa = PBXFileReference; fileEncoding = 4; lastKnownFileType = sourcecode.c.objc; path = CXMLElement.m; sourceTree = "<group>"; };
		45CD44C2126CBAB800F38B80 /* CXMLElement_CreationExtensions.h */ = {isa = PBXFileReference; fileEncoding = 4; lastKnownFileType = sourcecode.c.h; path = CXMLElement_CreationExtensions.h; sourceTree = "<group>"; };
		45CD44C3126CBAB800F38B80 /* CXMLElement_CreationExtensions.m */ = {isa = PBXFileReference; fileEncoding = 4; lastKnownFileType = sourcecode.c.objc; path = CXMLElement_CreationExtensions.m; sourceTree = "<group>"; };
		45CD44C4126CBAB800F38B80 /* CXMLElement_ElementTreeExtensions.h */ = {isa = PBXFileReference; fileEncoding = 4; lastKnownFileType = sourcecode.c.h; path = CXMLElement_ElementTreeExtensions.h; sourceTree = "<group>"; };
		45CD44C5126CBAB800F38B80 /* CXMLElement_ElementTreeExtensions.m */ = {isa = PBXFileReference; fileEncoding = 4; lastKnownFileType = sourcecode.c.objc; path = CXMLElement_ElementTreeExtensions.m; sourceTree = "<group>"; };
		45CD44C6126CBAB800F38B80 /* CXMLNamespaceNode.h */ = {isa = PBXFileReference; fileEncoding = 4; lastKnownFileType = sourcecode.c.h; path = CXMLNamespaceNode.h; sourceTree = "<group>"; };
		45CD44C7126CBAB800F38B80 /* CXMLNamespaceNode.m */ = {isa = PBXFileReference; fileEncoding = 4; lastKnownFileType = sourcecode.c.objc; path = CXMLNamespaceNode.m; sourceTree = "<group>"; };
		45CD44C8126CBAB800F38B80 /* CXMLNode.h */ = {isa = PBXFileReference; fileEncoding = 4; lastKnownFileType = sourcecode.c.h; path = CXMLNode.h; sourceTree = "<group>"; };
		45CD44C9126CBAB800F38B80 /* CXMLNode.m */ = {isa = PBXFileReference; fileEncoding = 4; lastKnownFileType = sourcecode.c.objc; path = CXMLNode.m; sourceTree = "<group>"; };
		45CD44CA126CBAB800F38B80 /* CXMLNode_PrivateExtensions.h */ = {isa = PBXFileReference; fileEncoding = 4; lastKnownFileType = sourcecode.c.h; path = CXMLNode_PrivateExtensions.h; sourceTree = "<group>"; };
		45CD44CB126CBAB800F38B80 /* CXMLNode_PrivateExtensions.m */ = {isa = PBXFileReference; fileEncoding = 4; lastKnownFileType = sourcecode.c.objc; path = CXMLNode_PrivateExtensions.m; sourceTree = "<group>"; };
		45CD44CC126CBAB800F38B80 /* CXMLNode_XPathExtensions.h */ = {isa = PBXFileReference; fileEncoding = 4; lastKnownFileType = sourcecode.c.h; path = CXMLNode_XPathExtensions.h; sourceTree = "<group>"; };
		45CD44CD126CBAB800F38B80 /* CXMLNode_XPathExtensions.m */ = {isa = PBXFileReference; fileEncoding = 4; lastKnownFileType = sourcecode.c.objc; path = CXMLNode_XPathExtensions.m; sourceTree = "<group>"; };
		45CD44CE126CBAB800F38B80 /* TouchXML.h */ = {isa = PBXFileReference; fileEncoding = 4; lastKnownFileType = sourcecode.c.h; path = TouchXML.h; sourceTree = "<group>"; };
		45CD44D7126CBAB800F38B80 /* Base64Transcoder.c */ = {isa = PBXFileReference; fileEncoding = 4; lastKnownFileType = sourcecode.c.c; path = Base64Transcoder.c; sourceTree = "<group>"; };
		45CD44D8126CBAB800F38B80 /* Base64Transcoder.h */ = {isa = PBXFileReference; fileEncoding = 4; lastKnownFileType = sourcecode.c.h; path = Base64Transcoder.h; sourceTree = "<group>"; };
		45CD44DE126CBAB800F38B80 /* ISO8601DateFormatter.h */ = {isa = PBXFileReference; fileEncoding = 4; lastKnownFileType = sourcecode.c.h; path = ISO8601DateFormatter.h; sourceTree = "<group>"; };
		45CD44DF126CBAB800F38B80 /* ISO8601DateFormatter.m */ = {isa = PBXFileReference; fileEncoding = 4; lastKnownFileType = sourcecode.c.objc; path = ISO8601DateFormatter.m; sourceTree = "<group>"; };
		45CD44E0126CBAB800F38B80 /* NSDate_Extensions.h */ = {isa = PBXFileReference; fileEncoding = 4; lastKnownFileType = sourcecode.c.h; path = NSDate_Extensions.h; sourceTree = "<group>"; };
		45CD44E1126CBAB800F38B80 /* NSDate_Extensions.m */ = {isa = PBXFileReference; fileEncoding = 4; lastKnownFileType = sourcecode.c.objc; path = NSDate_Extensions.m; sourceTree = "<group>"; };
		45CD44E2126CBAB800F38B80 /* NSDate_InternetDateExtensions.h */ = {isa = PBXFileReference; fileEncoding = 4; lastKnownFileType = sourcecode.c.h; path = NSDate_InternetDateExtensions.h; sourceTree = "<group>"; };
		45CD44E3126CBAB800F38B80 /* NSDate_InternetDateExtensions.m */ = {isa = PBXFileReference; fileEncoding = 4; lastKnownFileType = sourcecode.c.objc; path = NSDate_InternetDateExtensions.m; sourceTree = "<group>"; };
		45CD44E4126CBAB800F38B80 /* NSDateFormatter_InternetDateExtensions.h */ = {isa = PBXFileReference; fileEncoding = 4; lastKnownFileType = sourcecode.c.h; path = NSDateFormatter_InternetDateExtensions.h; sourceTree = "<group>"; };
		45CD44E5126CBAB800F38B80 /* NSDateFormatter_InternetDateExtensions.m */ = {isa = PBXFileReference; fileEncoding = 4; lastKnownFileType = sourcecode.c.objc; path = NSDateFormatter_InternetDateExtensions.m; sourceTree = "<group>"; };
		45CD44E6126CBAB800F38B80 /* NSData_Base64Extensions.h */ = {isa = PBXFileReference; fileEncoding = 4; lastKnownFileType = sourcecode.c.h; path = NSData_Base64Extensions.h; sourceTree = "<group>"; };
		45CD44E7126CBAB800F38B80 /* NSData_Base64Extensions.m */ = {isa = PBXFileReference; fileEncoding = 4; lastKnownFileType = sourcecode.c.objc; path = NSData_Base64Extensions.m; sourceTree = "<group>"; };
		45CD44E8126CBAB800F38B80 /* NSData_Extensions.h */ = {isa = PBXFileReference; fileEncoding = 4; lastKnownFileType = sourcecode.c.h; path = NSData_Extensions.h; sourceTree = "<group>"; };
		45CD44E9126CBAB800F38B80 /* NSData_Extensions.m */ = {isa = PBXFileReference; fileEncoding = 4; lastKnownFileType = sourcecode.c.objc; path = NSData_Extensions.m; sourceTree = "<group>"; };
		45CD44EA126CBAB800F38B80 /* NSError_Extensions.h */ = {isa = PBXFileReference; fileEncoding = 4; lastKnownFileType = sourcecode.c.h; path = NSError_Extensions.h; sourceTree = "<group>"; };
		45CD44EB126CBAB800F38B80 /* NSError_Extensions.m */ = {isa = PBXFileReference; fileEncoding = 4; lastKnownFileType = sourcecode.c.objc; path = NSError_Extensions.m; sourceTree = "<group>"; };
		45CD44EC126CBAB800F38B80 /* NSFileManager_Extensions.h */ = {isa = PBXFileReference; fileEncoding = 4; lastKnownFileType = sourcecode.c.h; path = NSFileManager_Extensions.h; sourceTree = "<group>"; };
		45CD44ED126CBAB800F38B80 /* NSFileManager_Extensions.m */ = {isa = PBXFileReference; fileEncoding = 4; lastKnownFileType = sourcecode.c.objc; path = NSFileManager_Extensions.m; sourceTree = "<group>"; };
		45CD44EE126CBAB800F38B80 /* NSIndexPath_Extensions.h */ = {isa = PBXFileReference; fileEncoding = 4; lastKnownFileType = sourcecode.c.h; path = NSIndexPath_Extensions.h; sourceTree = "<group>"; };
		45CD44EF126CBAB800F38B80 /* NSIndexPath_Extensions.m */ = {isa = PBXFileReference; fileEncoding = 4; lastKnownFileType = sourcecode.c.objc; path = NSIndexPath_Extensions.m; sourceTree = "<group>"; };
		45CD44F0126CBAB800F38B80 /* NSString_Extensions.h */ = {isa = PBXFileReference; fileEncoding = 4; lastKnownFileType = sourcecode.c.h; path = NSString_Extensions.h; sourceTree = "<group>"; };
		45CD44F1126CBAB800F38B80 /* NSString_Extensions.m */ = {isa = PBXFileReference; fileEncoding = 4; lastKnownFileType = sourcecode.c.objc; path = NSString_Extensions.m; sourceTree = "<group>"; };
		45CD44F2126CBAB800F38B80 /* NSURL_DataExtensions.h */ = {isa = PBXFileReference; fileEncoding = 4; lastKnownFileType = sourcecode.c.h; path = NSURL_DataExtensions.h; sourceTree = "<group>"; };
		45CD44F3126CBAB800F38B80 /* NSURL_DataExtensions.m */ = {isa = PBXFileReference; fileEncoding = 4; lastKnownFileType = sourcecode.c.objc; path = NSURL_DataExtensions.m; sourceTree = "<group>"; };
		45CD44F4126CBAB800F38B80 /* NSURL_Extensions.h */ = {isa = PBXFileReference; fileEncoding = 4; lastKnownFileType = sourcecode.c.h; path = NSURL_Extensions.h; sourceTree = "<group>"; };
		45CD44F5126CBAB800F38B80 /* NSURL_Extensions.m */ = {isa = PBXFileReference; fileEncoding = 4; lastKnownFileType = sourcecode.c.objc; path = NSURL_Extensions.m; sourceTree = "<group>"; };
		45CD44F6126CBAB800F38B80 /* NSURLResponse_Extensions.h */ = {isa = PBXFileReference; fileEncoding = 4; lastKnownFileType = sourcecode.c.h; path = NSURLResponse_Extensions.h; sourceTree = "<group>"; };
		45CD44F7126CBAB800F38B80 /* NSURLResponse_Extensions.m */ = {isa = PBXFileReference; fileEncoding = 4; lastKnownFileType = sourcecode.c.objc; path = NSURLResponse_Extensions.m; sourceTree = "<group>"; };
		45FFF5F3129369B7006944A2 /* CTemporaryFile.h */ = {isa = PBXFileReference; fileEncoding = 4; lastKnownFileType = sourcecode.c.h; path = CTemporaryFile.h; sourceTree = "<group>"; };
		45FFF5F4129369B7006944A2 /* CTemporaryFile.m */ = {isa = PBXFileReference; fileEncoding = 4; lastKnownFileType = sourcecode.c.objc; path = CTemporaryFile.m; sourceTree = "<group>"; };
		8D1107310486CEB800E47090 /* Info.plist */ = {isa = PBXFileReference; fileEncoding = 4; lastKnownFileType = text.plist.xml; path = Info.plist; sourceTree = "<group>"; };
/* End PBXFileReference section */

/* Begin PBXFrameworksBuildPhase section */
		1D60588F0D05DD3D006BFB54 /* Frameworks */ = {
			isa = PBXFrameworksBuildPhase;
			buildActionMask = 2147483647;
			files = (
				1D60589F0D05DD5A006BFB54 /* Foundation.framework in Frameworks */,
				1DF5F4E00D08C38300B7A737 /* UIKit.framework in Frameworks */,
				2892E4100DC94CBA00A64D0F /* CoreGraphics.framework in Frameworks */,
				458080570EC4D3B1006890F3 /* CFNetwork.framework in Frameworks */,
			);
			runOnlyForDeploymentPostprocessing = 0;
		};
/* End PBXFrameworksBuildPhase section */

/* Begin PBXGroup section */
		080E96DDFE201D6D7F000001 /* Classes */ = {
			isa = PBXGroup;
			children = (
				29B97316FDCFA39411CA2CEA /* main.m */,
				28C286DF0D94DF7D0034E888 /* RootViewController.h */,
				28C286E00D94DF7D0034E888 /* RootViewController.m */,
				1D3623240D0F684500981E51 /* WebDAVServerAppDelegate.h */,
				1D3623250D0F684500981E51 /* WebDAVServerAppDelegate.m */,
			);
			path = Classes;
			sourceTree = "<group>";
		};
		19C28FACFE9D520D11CA2CBB /* Products */ = {
			isa = PBXGroup;
			children = (
				1D6058910D05DD3D006BFB54 /* WebDAVServer.app */,
			);
			name = Products;
			sourceTree = "<group>";
		};
		29B97314FDCFA39411CA2CEA /* CustomTemplate */ = {
			isa = PBXGroup;
			children = (
				454AD27C0F4F394B00ABF6B7 /* Prefix.pch */,
				080E96DDFE201D6D7F000001 /* Classes */,
				459DF7680F0E9ADF0028AEEF /* Source */,
				45CD44B2126CBAB800F38B80 /* Externals */,
				29B97317FDCFA39411CA2CEA /* Resources */,
				29B97323FDCFA39411CA2CEA /* Frameworks */,
				19C28FACFE9D520D11CA2CBB /* Products */,
			);
			name = CustomTemplate;
			sourceTree = "<group>";
		};
		29B97317FDCFA39411CA2CEA /* Resources */ = {
			isa = PBXGroup;
			children = (
				45C1426F1270BC9100C2CF4E /* static */,
				2899E55F0DE3E45000AC0155 /* RootViewController.xib */,
				28AD735F0D9D9599002E5188 /* MainWindow.xib */,
				8D1107310486CEB800E47090 /* Info.plist */,
			);
			name = Resources;
			sourceTree = "<group>";
		};
		29B97323FDCFA39411CA2CEA /* Frameworks */ = {
			isa = PBXGroup;
			children = (
				458080560EC4D3B1006890F3 /* CFNetwork.framework */,
				1DF5F4DF0D08C38300B7A737 /* UIKit.framework */,
				1D30AB110D05D00D00671497 /* Foundation.framework */,
				2892E40F0DC94CBA00A64D0F /* CoreGraphics.framework */,
			);
			name = Frameworks;
			sourceTree = "<group>";
		};
		459DF7680F0E9ADF0028AEEF /* Source */ = {
			isa = PBXGroup;
			children = (
				459DF7690F0E9ADF0028AEEF /* Connections */,
				459DF7790F0E9ADF0028AEEF /* HTTP */,
				459DF7A80F0E9ADF0028AEEF /* Support */,
			);
			name = Source;
			path = ../../Source;
			sourceTree = SOURCE_ROOT;
		};
		459DF7690F0E9ADF0028AEEF /* Connections */ = {
			isa = PBXGroup;
			children = (
				459DF76C0F0E9ADF0028AEEF /* CSecureTransportConnection.h */,
				459DF76D0F0E9ADF0028AEEF /* CSecureTransportConnection.m */,
				459DF76E0F0E9ADF0028AEEF /* CTCPConnection.h */,
				459DF76F0F0E9ADF0028AEEF /* CTCPConnection.m */,
				459DF7710F0E9ADF0028AEEF /* CTCPSocketListener.h */,
				459DF7720F0E9ADF0028AEEF /* CTCPSocketListener.m */,
				459DF7730F0E9ADF0028AEEF /* CTCPSocketListener_Extensions.h */,
				459DF7740F0E9ADF0028AEEF /* CTCPSocketListener_Extensions.m */,
				459DF7750F0E9ADF0028AEEF /* CTransport.h */,
				459DF7760F0E9ADF0028AEEF /* CTransport.m */,
				459DF7770F0E9ADF0028AEEF /* CWireProtocol.h */,
				459DF7780F0E9ADF0028AEEF /* CWireProtocol.m */,
			);
			path = Connections;
			sourceTree = "<group>";
		};
		459DF7790F0E9ADF0028AEEF /* HTTP */ = {
			isa = PBXGroup;
			children = (
				459DF77A0F0E9ADF0028AEEF /* Auth */,
				459DF77D0F0E9ADF0028AEEF /* CHTTPConnection.h */,
				459DF77E0F0E9ADF0028AEEF /* CHTTPConnection.m */,
				459DF77F0F0E9ADF0028AEEF /* CHTTPMessage.h */,
				459DF7800F0E9ADF0028AEEF /* CHTTPMessage.m */,
				459DF7810F0E9ADF0028AEEF /* CHTTPMessage_ConvenienceExtensions.h */,
				459DF7820F0E9ADF0028AEEF /* CHTTPMessage_ConvenienceExtensions.m */,
				459DF7830F0E9ADF0028AEEF /* CHTTPRequestHandler.h */,
				459DF7840F0E9ADF0028AEEF /* CHTTPRequestHandler.m */,
				459DF7850F0E9ADF0028AEEF /* CHTTPServer.h */,
				459DF7860F0E9ADF0028AEEF /* CHTTPServer.m */,
				459DF7870F0E9ADF0028AEEF /* Handlers */,
				459DF7A00F0E9ADF0028AEEF /* Logging */,
				459DF7A30F0E9ADF0028AEEF /* TouchHTTPDConstants.h */,
				459DF7A40F0E9ADF0028AEEF /* TouchHTTPDConstants.m */,
			);
			path = HTTP;
			sourceTree = "<group>";
		};
		459DF77A0F0E9ADF0028AEEF /* Auth */ = {
			isa = PBXGroup;
			children = (
				459DF77B0F0E9ADF0028AEEF /* CHTTPBasicAuthHandler.h */,
				459DF77C0F0E9ADF0028AEEF /* CHTTPBasicAuthHandler.m */,
			);
			path = Auth;
			sourceTree = "<group>";
		};
		459DF7870F0E9ADF0028AEEF /* Handlers */ = {
			isa = PBXGroup;
			children = (
				459DF7880F0E9ADF0028AEEF /* CDefaultFileSystem.h */,
				459DF7890F0E9ADF0028AEEF /* CDefaultFileSystem.m */,
				459DF78A0F0E9ADF0028AEEF /* CFileSystem.h */,
				459DF78B0F0E9ADF0028AEEF /* CFileSystem.m */,
				459DF78C0F0E9ADF0028AEEF /* CHTTPDefaultHandler.h */,
				459DF78D0F0E9ADF0028AEEF /* CHTTPDefaultHandler.m */,
				459DF78E0F0E9ADF0028AEEF /* CHTTPFileSystemHandler.h */,
				459DF78F0F0E9ADF0028AEEF /* CHTTPFileSystemHandler.m */,
				459DF7900F0E9ADF0028AEEF /* CHTTPStaticResourcesHandler.h */,
				459DF7910F0E9ADF0028AEEF /* CHTTPStaticResourcesHandler.m */,
				459DF7920F0E9ADF0028AEEF /* CRoutingHTTPRequestHandler.h */,
				459DF7930F0E9ADF0028AEEF /* CRoutingHTTPRequestHandler.m */,
				459DF7940F0E9ADF0028AEEF /* WebDAV */,
			);
			path = Handlers;
			sourceTree = "<group>";
		};
		459DF7940F0E9ADF0028AEEF /* WebDAV */ = {
			isa = PBXGroup;
			children = (
				459DF7950F0E9ADF0028AEEF /* CWebDAVHTTPHandler.h */,
				459DF7960F0E9ADF0028AEEF /* CWebDAVHTTPHandler.m */,
				459DF7970F0E9ADF0028AEEF /* Support */,
			);
			path = WebDAV;
			sourceTree = "<group>";
		};
		459DF7970F0E9ADF0028AEEF /* Support */ = {
			isa = PBXGroup;
			children = (
				459DF7980F0E9ADF0028AEEF /* CFileSystem_WebDAVExtensions.h */,
				459DF7990F0E9ADF0028AEEF /* CFileSystem_WebDAVExtensions.m */,
				459DF79A0F0E9ADF0028AEEF /* CHTTPMessage_WebDAVExtensions.h */,
				459DF79B0F0E9ADF0028AEEF /* CHTTPMessage_WebDAVExtensions.m */,
				459DF79C0F0E9ADF0028AEEF /* CWebDAVLock.h */,
				459DF79D0F0E9ADF0028AEEF /* CWebDAVLock.m */,
				459DF79E0F0E9ADF0028AEEF /* CWebDAVLockDatabase.h */,
				459DF79F0F0E9ADF0028AEEF /* CWebDAVLockDatabase.m */,
			);
			path = Support;
			sourceTree = "<group>";
		};
		459DF7A00F0E9ADF0028AEEF /* Logging */ = {
			isa = PBXGroup;
			children = (
				459DF7A10F0E9ADF0028AEEF /* CHTTPLoggingHandler.h */,
				459DF7A20F0E9ADF0028AEEF /* CHTTPLoggingHandler.m */,
			);
			path = Logging;
			sourceTree = "<group>";
		};
		459DF7A80F0E9ADF0028AEEF /* Support */ = {
			isa = PBXGroup;
			children = (
				459DF7AB0F0E9ADF0028AEEF /* CChunkWriter.h */,
				459DF7AC0F0E9ADF0028AEEF /* CChunkWriter.m */,
				459DF7AD0F0E9ADF0028AEEF /* CMultiInputStream.h */,
				459DF7AE0F0E9ADF0028AEEF /* CMultiInputStream.m */,
				459DF7AF0F0E9ADF0028AEEF /* CStreamConnector.h */,
				459DF7B00F0E9ADF0028AEEF /* CStreamConnector.m */,
				459DF7B70F0E9ADF0028AEEF /* NSError_HTTPDExtensions.h */,
				459DF7B80F0E9ADF0028AEEF /* NSError_HTTPDExtensions.m */,
				459DF7B90F0E9ADF0028AEEF /* NSError_XMLOutputExtensions.h */,
				459DF7BA0F0E9ADF0028AEEF /* NSError_XMLOutputExtensions.m */,
				459DF7BD0F0E9ADF0028AEEF /* NSStream_Extensions.h */,
				459DF7BE0F0E9ADF0028AEEF /* NSStream_Extensions.m */,
				45C141701270AD1B00C2CF4E /* NSFileManager_AppleDoubleExtensions.h */,
				45C141711270AD1B00C2CF4E /* NSFileManager_AppleDoubleExtensions.m */,
				45C141721270AD1B00C2CF4E /* NSString_AppleDoubleExtensions.h */,
				45C141731270AD1B00C2CF4E /* NSString_AppleDoubleExtensions.m */,
				459DF7C30F0E9ADF0028AEEF /* SKPInputStreamConnector */,
			);
			path = Support;
			sourceTree = "<group>";
		};
		459DF7C30F0E9ADF0028AEEF /* SKPInputStreamConnector */ = {
			isa = PBXGroup;
			children = (
				459DF7C40F0E9ADF0028AEEF /* HSK_CFUtilities.h */,
				459DF7C50F0E9ADF0028AEEF /* HSK_CFUtilities.m */,
			);
			path = SKPInputStreamConnector;
			sourceTree = "<group>";
		};
		45C1426F1270BC9100C2CF4E /* static */ = {
			isa = PBXGroup;
			children = (
				45C142701270BC9100C2CF4E /* entries.xsl */,
				45C142711270BC9100C2CF4E /* NSError.css */,
				45C142721270BC9100C2CF4E /* NSError.xsl */,
			);
			name = static;
			path = ../../Resources/static;
			sourceTree = SOURCE_ROOT;
		};
		45CD44B2126CBAB800F38B80 /* Externals */ = {
			isa = PBXGroup;
			children = (
				45CD44B3126CBAB800F38B80 /* GMAppleDouble.h */,
				45CD44B4126CBAB800F38B80 /* GMAppleDouble.m */,
				45CD44B5126CBAB800F38B80 /* TouchXML */,
				45CD44D5126CBAB800F38B80 /* TouchFoundation */,
			);
			name = Externals;
			path = ../../Externals;
			sourceTree = SOURCE_ROOT;
		};
		45CD44B5126CBAB800F38B80 /* TouchXML */ = {
			isa = PBXGroup;
			children = (
				45CD44B6126CBAB800F38B80 /* Source */,
			);
			path = TouchXML;
			sourceTree = "<group>";
		};
		45CD44B6126CBAB800F38B80 /* Source */ = {
			isa = PBXGroup;
			children = (
				45CD44B7126CBAB800F38B80 /* Creation */,
				45CD44BC126CBAB800F38B80 /* CXMLDocument.h */,
				45CD44BD126CBAB800F38B80 /* CXMLDocument.m */,
				45CD44BE126CBAB800F38B80 /* CXMLDocument_PrivateExtensions.h */,
				45CD44BF126CBAB800F38B80 /* CXMLDocument_PrivateExtensions.m */,
				45CD44C0126CBAB800F38B80 /* CXMLElement.h */,
				45CD44C1126CBAB800F38B80 /* CXMLElement.m */,
				45CD44C2126CBAB800F38B80 /* CXMLElement_CreationExtensions.h */,
				45CD44C3126CBAB800F38B80 /* CXMLElement_CreationExtensions.m */,
				45CD44C4126CBAB800F38B80 /* CXMLElement_ElementTreeExtensions.h */,
				45CD44C5126CBAB800F38B80 /* CXMLElement_ElementTreeExtensions.m */,
				45CD44C6126CBAB800F38B80 /* CXMLNamespaceNode.h */,
				45CD44C7126CBAB800F38B80 /* CXMLNamespaceNode.m */,
				45CD44C8126CBAB800F38B80 /* CXMLNode.h */,
				45CD44C9126CBAB800F38B80 /* CXMLNode.m */,
				45CD44CA126CBAB800F38B80 /* CXMLNode_PrivateExtensions.h */,
				45CD44CB126CBAB800F38B80 /* CXMLNode_PrivateExtensions.m */,
				45CD44CC126CBAB800F38B80 /* CXMLNode_XPathExtensions.h */,
				45CD44CD126CBAB800F38B80 /* CXMLNode_XPathExtensions.m */,
				45CD44CE126CBAB800F38B80 /* TouchXML.h */,
			);
			path = Source;
			sourceTree = "<group>";
		};
		45CD44B7126CBAB800F38B80 /* Creation */ = {
			isa = PBXGroup;
			children = (
				45CD44B8126CBAB800F38B80 /* CXMLDocument_CreationExtensions.h */,
				45CD44B9126CBAB800F38B80 /* CXMLDocument_CreationExtensions.m */,
				45CD44BA126CBAB800F38B80 /* CXMLNode_CreationExtensions.h */,
				45CD44BB126CBAB800F38B80 /* CXMLNode_CreationExtensions.m */,
			);
			path = Creation;
			sourceTree = "<group>";
		};
		45CD44D5126CBAB800F38B80 /* TouchFoundation */ = {
			isa = PBXGroup;
			children = (
				45CD44D6126CBAB800F38B80 /* Source */,
			);
			path = TouchFoundation;
			sourceTree = "<group>";
		};
		45CD44D6126CBAB800F38B80 /* Source */ = {
			isa = PBXGroup;
			children = (
				45CD44D7126CBAB800F38B80 /* Base64Transcoder.c */,
				45CD44D8126CBAB800F38B80 /* Base64Transcoder.h */,
				45FFF5F3129369B7006944A2 /* CTemporaryFile.h */,
				45FFF5F4129369B7006944A2 /* CTemporaryFile.m */,
				45CD44DB126CBAB800F38B80 /* Extensions */,
			);
			path = Source;
			sourceTree = "<group>";
		};
		45CD44DB126CBAB800F38B80 /* Extensions */ = {
			isa = PBXGroup;
			children = (
				45CD44DC126CBAB800F38B80 /* Dates */,
				45CD44E6126CBAB800F38B80 /* NSData_Base64Extensions.h */,
				45CD44E7126CBAB800F38B80 /* NSData_Base64Extensions.m */,
				45CD44E8126CBAB800F38B80 /* NSData_Extensions.h */,
				45CD44E9126CBAB800F38B80 /* NSData_Extensions.m */,
				45CD44EA126CBAB800F38B80 /* NSError_Extensions.h */,
				45CD44EB126CBAB800F38B80 /* NSError_Extensions.m */,
				45CD44EC126CBAB800F38B80 /* NSFileManager_Extensions.h */,
				45CD44ED126CBAB800F38B80 /* NSFileManager_Extensions.m */,
				45CD44EE126CBAB800F38B80 /* NSIndexPath_Extensions.h */,
				45CD44EF126CBAB800F38B80 /* NSIndexPath_Extensions.m */,
				45CD44F0126CBAB800F38B80 /* NSString_Extensions.h */,
				45CD44F1126CBAB800F38B80 /* NSString_Extensions.m */,
				45CD44F2126CBAB800F38B80 /* NSURL_DataExtensions.h */,
				45CD44F3126CBAB800F38B80 /* NSURL_DataExtensions.m */,
				45CD44F4126CBAB800F38B80 /* NSURL_Extensions.h */,
				45CD44F5126CBAB800F38B80 /* NSURL_Extensions.m */,
				45CD44F6126CBAB800F38B80 /* NSURLResponse_Extensions.h */,
				45CD44F7126CBAB800F38B80 /* NSURLResponse_Extensions.m */,
			);
			path = Extensions;
			sourceTree = "<group>";
		};
		45CD44DC126CBAB800F38B80 /* Dates */ = {
			isa = PBXGroup;
			children = (
				45CD44DD126CBAB800F38B80 /* ISO-8601-parser-0.5 */,
				45CD44E0126CBAB800F38B80 /* NSDate_Extensions.h */,
				45CD44E1126CBAB800F38B80 /* NSDate_Extensions.m */,
				45CD44E2126CBAB800F38B80 /* NSDate_InternetDateExtensions.h */,
				45CD44E3126CBAB800F38B80 /* NSDate_InternetDateExtensions.m */,
				45CD44E4126CBAB800F38B80 /* NSDateFormatter_InternetDateExtensions.h */,
				45CD44E5126CBAB800F38B80 /* NSDateFormatter_InternetDateExtensions.m */,
			);
			path = Dates;
			sourceTree = "<group>";
		};
		45CD44DD126CBAB800F38B80 /* ISO-8601-parser-0.5 */ = {
			isa = PBXGroup;
			children = (
				45CD44DE126CBAB800F38B80 /* ISO8601DateFormatter.h */,
				45CD44DF126CBAB800F38B80 /* ISO8601DateFormatter.m */,
			);
			path = "ISO-8601-parser-0.5";
			sourceTree = "<group>";
		};
/* End PBXGroup section */

/* Begin PBXNativeTarget section */
		1D6058900D05DD3D006BFB54 /* WebDAVServer */ = {
			isa = PBXNativeTarget;
			buildConfigurationList = 1D6058960D05DD3E006BFB54 /* Build configuration list for PBXNativeTarget "WebDAVServer" */;
			buildPhases = (
				1D60588D0D05DD3D006BFB54 /* Resources */,
				1D60588E0D05DD3D006BFB54 /* Sources */,
				1D60588F0D05DD3D006BFB54 /* Frameworks */,
			);
			buildRules = (
			);
			dependencies = (
			);
			name = WebDAVServer;
			productName = WebDAVServer;
			productReference = 1D6058910D05DD3D006BFB54 /* WebDAVServer.app */;
			productType = "com.apple.product-type.application";
		};
/* End PBXNativeTarget section */

/* Begin PBXProject section */
		29B97313FDCFA39411CA2CEA /* Project object */ = {
			isa = PBXProject;
			buildConfigurationList = C01FCF4E08A954540054247B /* Build configuration list for PBXProject "WebDAVServer" */;
			compatibilityVersion = "Xcode 3.1";
			developmentRegion = English;
			hasScannedForEncodings = 1;
			knownRegions = (
				English,
				Japanese,
				French,
				German,
				en,
			);
			mainGroup = 29B97314FDCFA39411CA2CEA /* CustomTemplate */;
			projectDirPath = "";
			projectRoot = "";
			targets = (
				1D6058900D05DD3D006BFB54 /* WebDAVServer */,
			);
		};
/* End PBXProject section */

/* Begin PBXResourcesBuildPhase section */
		1D60588D0D05DD3D006BFB54 /* Resources */ = {
			isa = PBXResourcesBuildPhase;
			buildActionMask = 2147483647;
			files = (
				28AD73600D9D9599002E5188 /* MainWindow.xib in Resources */,
				2899E5600DE3E45000AC0155 /* RootViewController.xib in Resources */,
				45C142731270BC9100C2CF4E /* entries.xsl in Resources */,
				45C142741270BC9100C2CF4E /* NSError.css in Resources */,
				45C142751270BC9100C2CF4E /* NSError.xsl in Resources */,
			);
			runOnlyForDeploymentPostprocessing = 0;
		};
/* End PBXResourcesBuildPhase section */

/* Begin PBXSourcesBuildPhase section */
		1D60588E0D05DD3D006BFB54 /* Sources */ = {
			isa = PBXSourcesBuildPhase;
			buildActionMask = 2147483647;
			files = (
				1D60589B0D05DD56006BFB54 /* main.m in Sources */,
				1D3623260D0F684500981E51 /* WebDAVServerAppDelegate.m in Sources */,
				28C286E10D94DF7D0034E888 /* RootViewController.m in Sources */,
				459DF7C80F0E9ADF0028AEEF /* CTCPConnection.m in Sources */,
				459DF7CA0F0E9ADF0028AEEF /* CTCPSocketListener.m in Sources */,
				459DF7CB0F0E9ADF0028AEEF /* CTCPSocketListener_Extensions.m in Sources */,
				459DF7CC0F0E9ADF0028AEEF /* CTransport.m in Sources */,
				459DF7CD0F0E9ADF0028AEEF /* CWireProtocol.m in Sources */,
				459DF7CE0F0E9ADF0028AEEF /* CHTTPBasicAuthHandler.m in Sources */,
				459DF7CF0F0E9ADF0028AEEF /* CHTTPConnection.m in Sources */,
				459DF7D00F0E9ADF0028AEEF /* CHTTPMessage.m in Sources */,
				459DF7D10F0E9ADF0028AEEF /* CHTTPMessage_ConvenienceExtensions.m in Sources */,
				459DF7D20F0E9ADF0028AEEF /* CHTTPRequestHandler.m in Sources */,
				459DF7D30F0E9ADF0028AEEF /* CHTTPServer.m in Sources */,
				459DF7D40F0E9ADF0028AEEF /* CDefaultFileSystem.m in Sources */,
				459DF7D50F0E9ADF0028AEEF /* CFileSystem.m in Sources */,
				459DF7D60F0E9ADF0028AEEF /* CHTTPDefaultHandler.m in Sources */,
				459DF7D70F0E9ADF0028AEEF /* CHTTPFileSystemHandler.m in Sources */,
				459DF7D80F0E9ADF0028AEEF /* CHTTPStaticResourcesHandler.m in Sources */,
				459DF7D90F0E9ADF0028AEEF /* CRoutingHTTPRequestHandler.m in Sources */,
				459DF7DA0F0E9ADF0028AEEF /* CWebDAVHTTPHandler.m in Sources */,
				459DF7DB0F0E9ADF0028AEEF /* CFileSystem_WebDAVExtensions.m in Sources */,
				459DF7DC0F0E9ADF0028AEEF /* CHTTPMessage_WebDAVExtensions.m in Sources */,
				459DF7DD0F0E9ADF0028AEEF /* CWebDAVLock.m in Sources */,
				459DF7DE0F0E9ADF0028AEEF /* CWebDAVLockDatabase.m in Sources */,
				459DF7DF0F0E9ADF0028AEEF /* CHTTPLoggingHandler.m in Sources */,
				459DF7E00F0E9ADF0028AEEF /* TouchHTTPDConstants.m in Sources */,
				459DF7E30F0E9ADF0028AEEF /* CChunkWriter.m in Sources */,
				459DF7E40F0E9ADF0028AEEF /* CMultiInputStream.m in Sources */,
				459DF7E50F0E9ADF0028AEEF /* CStreamConnector.m in Sources */,
				459DF7E90F0E9ADF0028AEEF /* NSError_HTTPDExtensions.m in Sources */,
				459DF7EA0F0E9ADF0028AEEF /* NSError_XMLOutputExtensions.m in Sources */,
				459DF7EC0F0E9ADF0028AEEF /* NSStream_Extensions.m in Sources */,
				459DF7EF0F0E9ADF0028AEEF /* HSK_CFUtilities.m in Sources */,
				45CD44F8126CBAB800F38B80 /* GMAppleDouble.m in Sources */,
				45CD44F9126CBAB800F38B80 /* CXMLDocument_CreationExtensions.m in Sources */,
				45CD44FA126CBAB800F38B80 /* CXMLNode_CreationExtensions.m in Sources */,
				45CD44FB126CBAB800F38B80 /* CXMLDocument.m in Sources */,
				45CD44FC126CBAB800F38B80 /* CXMLDocument_PrivateExtensions.m in Sources */,
				45CD44FD126CBAB800F38B80 /* CXMLElement.m in Sources */,
				45CD44FE126CBAB800F38B80 /* CXMLElement_CreationExtensions.m in Sources */,
				45CD44FF126CBAB800F38B80 /* CXMLElement_ElementTreeExtensions.m in Sources */,
				45CD4500126CBAB800F38B80 /* CXMLNamespaceNode.m in Sources */,
				45CD4501126CBAB800F38B80 /* CXMLNode.m in Sources */,
				45CD4502126CBAB800F38B80 /* CXMLNode_PrivateExtensions.m in Sources */,
				45CD4503126CBAB800F38B80 /* CXMLNode_XPathExtensions.m in Sources */,
				45CD4507126CBAB800F38B80 /* Base64Transcoder.c in Sources */,
				45CD4509126CBAB800F38B80 /* ISO8601DateFormatter.m in Sources */,
				45CD450A126CBAB800F38B80 /* NSDate_Extensions.m in Sources */,
				45CD450B126CBAB800F38B80 /* NSDate_InternetDateExtensions.m in Sources */,
				45CD450C126CBAB800F38B80 /* NSDateFormatter_InternetDateExtensions.m in Sources */,
				45CD450D126CBAB800F38B80 /* NSData_Base64Extensions.m in Sources */,
				45CD450E126CBAB800F38B80 /* NSData_Extensions.m in Sources */,
				45CD450F126CBAB800F38B80 /* NSError_Extensions.m in Sources */,
				45CD4510126CBAB800F38B80 /* NSFileManager_Extensions.m in Sources */,
				45CD4511126CBAB800F38B80 /* NSIndexPath_Extensions.m in Sources */,
				45CD4512126CBAB800F38B80 /* NSString_Extensions.m in Sources */,
				45CD4513126CBAB800F38B80 /* NSURL_DataExtensions.m in Sources */,
				45CD4514126CBAB800F38B80 /* NSURL_Extensions.m in Sources */,
				45CD4515126CBAB800F38B80 /* NSURLResponse_Extensions.m in Sources */,
				45C141741270AD1B00C2CF4E /* NSFileManager_AppleDoubleExtensions.m in Sources */,
				45C141751270AD1B00C2CF4E /* NSString_AppleDoubleExtensions.m in Sources */,
				45FFF5F5129369B7006944A2 /* CTemporaryFile.m in Sources */,
			);
			runOnlyForDeploymentPostprocessing = 0;
		};
/* End PBXSourcesBuildPhase section */

/* Begin XCBuildConfiguration section */
		1D6058940D05DD3E006BFB54 /* Debug */ = {
			isa = XCBuildConfiguration;
			buildSettings = {
				ALWAYS_SEARCH_USER_PATHS = NO;
				COPY_PHASE_STRIP = NO;
				GCC_DYNAMIC_NO_PIC = NO;
				GCC_OPTIMIZATION_LEVEL = 0;
				GCC_PRECOMPILE_PREFIX_HEADER = YES;
				GCC_PREFIX_HEADER = ../Prefix.pch;
				HEADER_SEARCH_PATHS = /usr/include/libxml2;
				INFOPLIST_FILE = Info.plist;
				OTHER_LDFLAGS = (
					"-lsqlite3",
					"-lxml2",
				);
				PRODUCT_NAME = WebDAVServer;
			};
			name = Debug;
		};
		1D6058950D05DD3E006BFB54 /* Release */ = {
			isa = XCBuildConfiguration;
			buildSettings = {
				ALWAYS_SEARCH_USER_PATHS = NO;
				COPY_PHASE_STRIP = YES;
				GCC_PRECOMPILE_PREFIX_HEADER = YES;
				GCC_PREFIX_HEADER = WebDAVServer_Prefix.pch;
				INFOPLIST_FILE = Info.plist;
				PRODUCT_NAME = WebDAVServer;
			};
			name = Release;
		};
		C01FCF4F08A954540054247B /* Debug */ = {
			isa = XCBuildConfiguration;
			buildSettings = {
				ARCHS = "$(ARCHS_STANDARD_32_BIT)";
				"CODE_SIGN_IDENTITY[sdk=iphoneos*]" = "iPhone Developer";
				GCC_C_LANGUAGE_STANDARD = c99;
				GCC_VERSION = com.apple.compilers.llvm.clang.1_0;
				GCC_WARN_ABOUT_RETURN_TYPE = YES;
				GCC_WARN_UNUSED_VARIABLE = YES;
				IPHONEOS_DEPLOYMENT_TARGET = 4.0;
				ONLY_ACTIVE_ARCH = NO;
				PREBINDING = NO;
				SDKROOT = iphoneos;
			};
			name = Debug;
		};
		C01FCF5008A954540054247B /* Release */ = {
			isa = XCBuildConfiguration;
			buildSettings = {
				ARCHS = "$(ARCHS_STANDARD_32_BIT)";
				"CODE_SIGN_IDENTITY[sdk=iphoneos*]" = "iPhone Developer";
				GCC_C_LANGUAGE_STANDARD = c99;
				GCC_VERSION = com.apple.compilers.llvm.clang.1_0;
				GCC_WARN_ABOUT_RETURN_TYPE = YES;
				GCC_WARN_UNUSED_VARIABLE = YES;
				IPHONEOS_DEPLOYMENT_TARGET = 4.0;
				ONLY_ACTIVE_ARCH = NO;
				PREBINDING = NO;
				SDKROOT = iphoneos;
			};
			name = Release;
		};
/* End XCBuildConfiguration section */

/* Begin XCConfigurationList section */
		1D6058960D05DD3E006BFB54 /* Build configuration list for PBXNativeTarget "WebDAVServer" */ = {
			isa = XCConfigurationList;
			buildConfigurations = (
				1D6058940D05DD3E006BFB54 /* Debug */,
				1D6058950D05DD3E006BFB54 /* Release */,
			);
			defaultConfigurationIsVisible = 0;
			defaultConfigurationName = Release;
		};
		C01FCF4E08A954540054247B /* Build configuration list for PBXProject "WebDAVServer" */ = {
			isa = XCConfigurationList;
			buildConfigurations = (
				C01FCF4F08A954540054247B /* Debug */,
				C01FCF5008A954540054247B /* Release */,
			);
			defaultConfigurationIsVisible = 0;
			defaultConfigurationName = Release;
		};
/* End XCConfigurationList section */
	};
	rootObject = 29B97313FDCFA39411CA2CEA /* Project object */;
}
